
Microsoft Visual Studio Solution File, Format Version 12.00
# Visual Studio 15
VisualStudioVersion = 15.0.27130.2003
MinimumVisualStudioVersion = 10.0.40219.1
Project("{FAE04EC0-301F-11D3-BF4B-00C04F79EFBC}") = "01 Nacepin", "01 Nacepin\01 Nacepin.csproj", "{48BAB887-B52A-4640-AA1B-522094AD427C}"
EndProject
Project("{FAE04EC0-301F-11D3-BF4B-00C04F79EFBC}") = "02 Hogwarts Sorting", "02 Hogwarts Sorting\02 Hogwarts Sorting.csproj", "{CF20E3D6-7EFA-4787-A9FB-B863603D2B4C}"
EndProject
Project("{FAE04EC0-301F-11D3-BF4B-00C04F79EFBC}") = "04 Vehicle Park", "04 Vehicle Park\04 Vehicle Park.csproj", "{42A95378-33C1-4F74-AC6B-56A9AA397B45}"
EndProject
Global
	GlobalSection(SolutionConfigurationPlatforms) = preSolution
		Debug|Any CPU = Debug|Any CPU
		Release|Any CPU = Release|Any CPU
	EndGlobalSection
	GlobalSection(ProjectConfigurationPlatforms) = postSolution
		{48BAB887-B52A-4640-AA1B-522094AD427C}.Debug|Any CPU.ActiveCfg = Debug|Any CPU
		{48BAB887-B52A-4640-AA1B-522094AD427C}.Debug|Any CPU.Build.0 = Debug|Any CPU
		{48BAB887-B52A-4640-AA1B-522094AD427C}.Release|Any CPU.ActiveCfg = Release|Any CPU
		{48BAB887-B52A-4640-AA1B-522094AD427C}.Release|Any CPU.Build.0 = Release|Any CPU
		{CF20E3D6-7EFA-4787-A9FB-B863603D2B4C}.Debug|Any CPU.ActiveCfg = Debug|Any CPU
		{CF20E3D6-7EFA-4787-A9FB-B863603D2B4C}.Debug|Any CPU.Build.0 = Debug|Any CPU
		{CF20E3D6-7EFA-4787-A9FB-B863603D2B4C}.Release|Any CPU.ActiveCfg = Release|Any CPU
		{CF20E3D6-7EFA-4787-A9FB-B863603D2B4C}.Release|Any CPU.Build.0 = Release|Any CPU
		{42A95378-33C1-4F74-AC6B-56A9AA397B45}.Debug|Any CPU.ActiveCfg = Debug|Any CPU
		{42A95378-33C1-4F74-AC6B-56A9AA397B45}.Debug|Any CPU.Build.0 = Debug|Any CPU
		{42A95378-33C1-4F74-AC6B-56A9AA397B45}.Release|Any CPU.ActiveCfg = Release|Any CPU
		{42A95378-33C1-4F74-AC6B-56A9AA397B45}.Release|Any CPU.Build.0 = Release|Any CPU
	EndGlobalSection
	GlobalSection(SolutionProperties) = preSolution
		HideSolutionNode = FALSE
	EndGlobalSection
	GlobalSection(ExtensibilityGlobals) = postSolution
		SolutionGuid = {4E1D8E39-A89A-4D10-8FDD-430338B2B1C4}
	EndGlobalSection
EndGlobal
