
Microsoft Visual Studio Solution File, Format Version 12.00
# Visual Studio 15
VisualStudioVersion = 15.0.26430.6
MinimumVisualStudioVersion = 10.0.40219.1
Project("{FAE04EC0-301F-11D3-BF4B-00C04F79EFBC}") = "01 Charity Marathon", "01 Charity Marathon\01 Charity Marathon.csproj", "{F38FAF38-079B-4303-AF2F-3BA5B952D61D}"
EndProject
Project("{FAE04EC0-301F-11D3-BF4B-00C04F79EFBC}") = "02 Ladybugs", "02 Ladybugs\02 Ladybugs.csproj", "{F9698278-4045-4888-9BEA-AB042120E024}"
EndProject
Project("{FAE04EC0-301F-11D3-BF4B-00C04F79EFBC}") = "03 Nether Realms", "03 Nether Realms\03 Nether Realms.csproj", "{ECC84C92-643B-43CF-B2EB-758ADFC3EC8C}"
EndProject
Global
	GlobalSection(SolutionConfigurationPlatforms) = preSolution
		Debug|Any CPU = Debug|Any CPU
		Release|Any CPU = Release|Any CPU
	EndGlobalSection
	GlobalSection(ProjectConfigurationPlatforms) = postSolution
		{F38FAF38-079B-4303-AF2F-3BA5B952D61D}.Debug|Any CPU.ActiveCfg = Debug|Any CPU
		{F38FAF38-079B-4303-AF2F-3BA5B952D61D}.Debug|Any CPU.Build.0 = Debug|Any CPU
		{F38FAF38-079B-4303-AF2F-3BA5B952D61D}.Release|Any CPU.ActiveCfg = Release|Any CPU
		{F38FAF38-079B-4303-AF2F-3BA5B952D61D}.Release|Any CPU.Build.0 = Release|Any CPU
		{F9698278-4045-4888-9BEA-AB042120E024}.Debug|Any CPU.ActiveCfg = Debug|Any CPU
		{F9698278-4045-4888-9BEA-AB042120E024}.Debug|Any CPU.Build.0 = Debug|Any CPU
		{F9698278-4045-4888-9BEA-AB042120E024}.Release|Any CPU.ActiveCfg = Release|Any CPU
		{F9698278-4045-4888-9BEA-AB042120E024}.Release|Any CPU.Build.0 = Release|Any CPU
		{ECC84C92-643B-43CF-B2EB-758ADFC3EC8C}.Debug|Any CPU.ActiveCfg = Debug|Any CPU
		{ECC84C92-643B-43CF-B2EB-758ADFC3EC8C}.Debug|Any CPU.Build.0 = Debug|Any CPU
		{ECC84C92-643B-43CF-B2EB-758ADFC3EC8C}.Release|Any CPU.ActiveCfg = Release|Any CPU
		{ECC84C92-643B-43CF-B2EB-758ADFC3EC8C}.Release|Any CPU.Build.0 = Release|Any CPU
	EndGlobalSection
	GlobalSection(SolutionProperties) = preSolution
		HideSolutionNode = FALSE
	EndGlobalSection
EndGlobal
