
Microsoft Visual Studio Solution File, Format Version 12.00
# Visual Studio 15
VisualStudioVersion = 15.0.27130.2003
MinimumVisualStudioVersion = 10.0.40219.1
Project("{FAE04EC0-301F-11D3-BF4B-00C04F79EFBC}") = "01 Anonymous Threat", "01 Anonymous Threat\01 Anonymous Threat.csproj", "{AC0B642C-CFAE-4858-84AE-3A323AB7259A}"
EndProject
Project("{FAE04EC0-301F-11D3-BF4B-00C04F79EFBC}") = "02 Icarus", "02 Icarus\02 Icarus.csproj", "{8B8F2406-4206-4987-B505-A45EEB3037D3}"
EndProject
Project("{FAE04EC0-301F-11D3-BF4B-00C04F79EFBC}") = "03 Pokemon Don't Go", "03 Pokemon Don't Go\03 Pokemon Don't Go.csproj", "{16389BA0-2001-48B6-93A9-13F1306631EA}"
EndProject
Project("{FAE04EC0-301F-11D3-BF4B-00C04F79EFBC}") = "04 Hornet Assault", "04 Hornet Assault\04 Hornet Assault.csproj", "{07068A02-56CE-4BB3-8A7C-C5223E633C0C}"
EndProject
Global
	GlobalSection(SolutionConfigurationPlatforms) = preSolution
		Debug|Any CPU = Debug|Any CPU
		Release|Any CPU = Release|Any CPU
	EndGlobalSection
	GlobalSection(ProjectConfigurationPlatforms) = postSolution
		{AC0B642C-CFAE-4858-84AE-3A323AB7259A}.Debug|Any CPU.ActiveCfg = Debug|Any CPU
		{AC0B642C-CFAE-4858-84AE-3A323AB7259A}.Debug|Any CPU.Build.0 = Debug|Any CPU
		{AC0B642C-CFAE-4858-84AE-3A323AB7259A}.Release|Any CPU.ActiveCfg = Release|Any CPU
		{AC0B642C-CFAE-4858-84AE-3A323AB7259A}.Release|Any CPU.Build.0 = Release|Any CPU
		{8B8F2406-4206-4987-B505-A45EEB3037D3}.Debug|Any CPU.ActiveCfg = Debug|Any CPU
		{8B8F2406-4206-4987-B505-A45EEB3037D3}.Debug|Any CPU.Build.0 = Debug|Any CPU
		{8B8F2406-4206-4987-B505-A45EEB3037D3}.Release|Any CPU.ActiveCfg = Release|Any CPU
		{8B8F2406-4206-4987-B505-A45EEB3037D3}.Release|Any CPU.Build.0 = Release|Any CPU
		{16389BA0-2001-48B6-93A9-13F1306631EA}.Debug|Any CPU.ActiveCfg = Debug|Any CPU
		{16389BA0-2001-48B6-93A9-13F1306631EA}.Debug|Any CPU.Build.0 = Debug|Any CPU
		{16389BA0-2001-48B6-93A9-13F1306631EA}.Release|Any CPU.ActiveCfg = Release|Any CPU
		{16389BA0-2001-48B6-93A9-13F1306631EA}.Release|Any CPU.Build.0 = Release|Any CPU
		{07068A02-56CE-4BB3-8A7C-C5223E633C0C}.Debug|Any CPU.ActiveCfg = Debug|Any CPU
		{07068A02-56CE-4BB3-8A7C-C5223E633C0C}.Debug|Any CPU.Build.0 = Debug|Any CPU
		{07068A02-56CE-4BB3-8A7C-C5223E633C0C}.Release|Any CPU.ActiveCfg = Release|Any CPU
		{07068A02-56CE-4BB3-8A7C-C5223E633C0C}.Release|Any CPU.Build.0 = Release|Any CPU
	EndGlobalSection
	GlobalSection(SolutionProperties) = preSolution
		HideSolutionNode = FALSE
	EndGlobalSection
	GlobalSection(ExtensibilityGlobals) = postSolution
		SolutionGuid = {465F8E90-61BF-4125-BFA3-0AAD13488F8B}
	EndGlobalSection
EndGlobal
