
Microsoft Visual Studio Solution File, Format Version 12.00
# Visual Studio 15
VisualStudioVersion = 15.0.27130.2027
MinimumVisualStudioVersion = 10.0.40219.1
Project("{FAE04EC0-301F-11D3-BF4B-00C04F79EFBC}") = "01_Padawan_Equipment", "01_Padawan_Equipment\01_Padawan_Equipment.csproj", "{83FB1F57-9289-430E-98A5-1714DB745836}"
EndProject
Project("{FAE04EC0-301F-11D3-BF4B-00C04F79EFBC}") = "02_Kamino_Factory", "02_Kamino_Factory\02_Kamino_Factory.csproj", "{ECA3449E-9B5F-4EAF-8DE5-00B6C9D180F8}"
EndProject
Global
	GlobalSection(SolutionConfigurationPlatforms) = preSolution
		Debug|Any CPU = Debug|Any CPU
		Release|Any CPU = Release|Any CPU
	EndGlobalSection
	GlobalSection(ProjectConfigurationPlatforms) = postSolution
		{83FB1F57-9289-430E-98A5-1714DB745836}.Debug|Any CPU.ActiveCfg = Debug|Any CPU
		{83FB1F57-9289-430E-98A5-1714DB745836}.Debug|Any CPU.Build.0 = Debug|Any CPU
		{83FB1F57-9289-430E-98A5-1714DB745836}.Release|Any CPU.ActiveCfg = Release|Any CPU
		{83FB1F57-9289-430E-98A5-1714DB745836}.Release|Any CPU.Build.0 = Release|Any CPU
		{ECA3449E-9B5F-4EAF-8DE5-00B6C9D180F8}.Debug|Any CPU.ActiveCfg = Debug|Any CPU
		{ECA3449E-9B5F-4EAF-8DE5-00B6C9D180F8}.Debug|Any CPU.Build.0 = Debug|Any CPU
		{ECA3449E-9B5F-4EAF-8DE5-00B6C9D180F8}.Release|Any CPU.ActiveCfg = Release|Any CPU
		{ECA3449E-9B5F-4EAF-8DE5-00B6C9D180F8}.Release|Any CPU.Build.0 = Release|Any CPU
	EndGlobalSection
	GlobalSection(SolutionProperties) = preSolution
		HideSolutionNode = FALSE
	EndGlobalSection
	GlobalSection(ExtensibilityGlobals) = postSolution
		SolutionGuid = {5FE2FBAC-EA5D-4C09-BFF2-9DB98BCA46B2}
	EndGlobalSection
EndGlobal
