
Microsoft Visual Studio Solution File, Format Version 12.00
# Visual Studio 15
VisualStudioVersion = 15.0.27130.2003
MinimumVisualStudioVersion = 10.0.40219.1
Project("{FAE04EC0-301F-11D3-BF4B-00C04F79EFBC}") = "01 Raindrops", "01 Raindrops\01 Raindrops.csproj", "{88E1DC44-ACBC-4F6A-B542-0808EC9B64E5}"
EndProject
Project("{FAE04EC0-301F-11D3-BF4B-00C04F79EFBC}") = "02 Rainer", "02 Rainer\02 Rainer.csproj", "{261A1C5C-6551-4559-82D0-FF60919232FF}"
EndProject
Project("{FAE04EC0-301F-11D3-BF4B-00C04F79EFBC}") = "03 Raincast", "03 Raincast\03 Raincast.csproj", "{1241E423-C0A8-40B8-B201-7609B434B620}"
EndProject
Project("{FAE04EC0-301F-11D3-BF4B-00C04F79EFBC}") = "04 RainAir", "04 RainAir\04 RainAir.csproj", "{0D72A0F6-7322-47B3-8936-062F541786D0}"
EndProject
Global
	GlobalSection(SolutionConfigurationPlatforms) = preSolution
		Debug|Any CPU = Debug|Any CPU
		Release|Any CPU = Release|Any CPU
	EndGlobalSection
	GlobalSection(ProjectConfigurationPlatforms) = postSolution
		{88E1DC44-ACBC-4F6A-B542-0808EC9B64E5}.Debug|Any CPU.ActiveCfg = Debug|Any CPU
		{88E1DC44-ACBC-4F6A-B542-0808EC9B64E5}.Debug|Any CPU.Build.0 = Debug|Any CPU
		{88E1DC44-ACBC-4F6A-B542-0808EC9B64E5}.Release|Any CPU.ActiveCfg = Release|Any CPU
		{88E1DC44-ACBC-4F6A-B542-0808EC9B64E5}.Release|Any CPU.Build.0 = Release|Any CPU
		{261A1C5C-6551-4559-82D0-FF60919232FF}.Debug|Any CPU.ActiveCfg = Debug|Any CPU
		{261A1C5C-6551-4559-82D0-FF60919232FF}.Debug|Any CPU.Build.0 = Debug|Any CPU
		{261A1C5C-6551-4559-82D0-FF60919232FF}.Release|Any CPU.ActiveCfg = Release|Any CPU
		{261A1C5C-6551-4559-82D0-FF60919232FF}.Release|Any CPU.Build.0 = Release|Any CPU
		{1241E423-C0A8-40B8-B201-7609B434B620}.Debug|Any CPU.ActiveCfg = Debug|Any CPU
		{1241E423-C0A8-40B8-B201-7609B434B620}.Debug|Any CPU.Build.0 = Debug|Any CPU
		{1241E423-C0A8-40B8-B201-7609B434B620}.Release|Any CPU.ActiveCfg = Release|Any CPU
		{1241E423-C0A8-40B8-B201-7609B434B620}.Release|Any CPU.Build.0 = Release|Any CPU
		{0D72A0F6-7322-47B3-8936-062F541786D0}.Debug|Any CPU.ActiveCfg = Debug|Any CPU
		{0D72A0F6-7322-47B3-8936-062F541786D0}.Debug|Any CPU.Build.0 = Debug|Any CPU
		{0D72A0F6-7322-47B3-8936-062F541786D0}.Release|Any CPU.ActiveCfg = Release|Any CPU
		{0D72A0F6-7322-47B3-8936-062F541786D0}.Release|Any CPU.Build.0 = Release|Any CPU
	EndGlobalSection
	GlobalSection(SolutionProperties) = preSolution
		HideSolutionNode = FALSE
	EndGlobalSection
	GlobalSection(ExtensibilityGlobals) = postSolution
		SolutionGuid = {C8352955-ECFB-4E9B-A7F6-29BC8F89FC45}
	EndGlobalSection
EndGlobal
